
Microsoft Visual Studio Solution File, Format Version 12.00
# Visual Studio 14
VisualStudioVersion = 14.0.24720.0
MinimumVisualStudioVersion = 10.0.40219.1
Project("{FAE04EC0-301F-11D3-BF4B-00C04F79EFBC}") = "MechanoAdaptiveGeneration", "MechanoAdaptiveGeneration\MechanoAdaptiveGeneration.csproj", "{B7A44318-4E40-4070-B4A4-4CDA7520EC16}"
EndProject
Global
	GlobalSection(SolutionConfigurationPlatforms) = preSolution
		Debug32|Any CPU = Debug32|Any CPU
		Debug64|Any CPU = Debug64|Any CPU
		Release|Any CPU = Release|Any CPU
	EndGlobalSection
	GlobalSection(ProjectConfigurationPlatforms) = postSolution
		{B7A44318-4E40-4070-B4A4-4CDA7520EC16}.Debug32|Any CPU.ActiveCfg = Debug64|Any CPU
		{B7A44318-4E40-4070-B4A4-4CDA7520EC16}.Debug32|Any CPU.Build.0 = Debug64|Any CPU
		{B7A44318-4E40-4070-B4A4-4CDA7520EC16}.Debug64|Any CPU.ActiveCfg = Debug64|Any CPU
		{B7A44318-4E40-4070-B4A4-4CDA7520EC16}.Debug64|Any CPU.Build.0 = Debug64|Any CPU
		{B7A44318-4E40-4070-B4A4-4CDA7520EC16}.Release|Any CPU.ActiveCfg = Release|Any CPU
		{B7A44318-4E40-4070-B4A4-4CDA7520EC16}.Release|Any CPU.Build.0 = Release|Any CPU
	EndGlobalSection
	GlobalSection(SolutionProperties) = preSolution
		HideSolutionNode = FALSE
	EndGlobalSection
EndGlobal
